
Microsoft Visual Studio Solution File, Format Version 12.00
# Visual Studio Version 17
VisualStudioVersion = 17.9.34723.18
MinimumVisualStudioVersion = 10.0.40219.1
Project("{FAE04EC0-301F-11D3-BF4B-00C04F79EFBC}") = "P01_SalesDatabase", "P01_SalesDatabase.csproj", "{7A4DFC5C-6C1D-46EF-B7EF-FDFB067122B1}"
EndProject
Global
	GlobalSection(SolutionConfigurationPlatforms) = preSolution
		Debug|Any CPU = Debug|Any CPU
		Release|Any CPU = Release|Any CPU
	EndGlobalSection
	GlobalSection(ProjectConfigurationPlatforms) = postSolution
		{7A4DFC5C-6C1D-46EF-B7EF-FDFB067122B1}.Debug|Any CPU.ActiveCfg = Debug|Any CPU
		{7A4DFC5C-6C1D-46EF-B7EF-FDFB067122B1}.Debug|Any CPU.Build.0 = Debug|Any CPU
		{7A4DFC5C-6C1D-46EF-B7EF-FDFB067122B1}.Release|Any CPU.ActiveCfg = Release|Any CPU
		{7A4DFC5C-6C1D-46EF-B7EF-FDFB067122B1}.Release|Any CPU.Build.0 = Release|Any CPU
	EndGlobalSection
	GlobalSection(SolutionProperties) = preSolution
		HideSolutionNode = FALSE
	EndGlobalSection
	GlobalSection(ExtensibilityGlobals) = postSolution
		SolutionGuid = {6057C07D-A5F2-4251-AB0E-F8E1F3F03D93}
	EndGlobalSection
EndGlobal
