
Microsoft Visual Studio Solution File, Format Version 12.00
# Visual Studio Version 17
VisualStudioVersion = 17.10.34916.146
MinimumVisualStudioVersion = 10.0.40219.1
Project("{FAE04EC0-301F-11D3-BF4B-00C04F79EFBC}") = "Task D04 Part01", "Task D04 Part01.csproj", "{5D84AF28-0F4E-4840-871E-F4D7771842DE}"
EndProject
Project("{FAE04EC0-301F-11D3-BF4B-00C04F79EFBC}") = "Task D04 Part02", "..\Task D04 Part02\Task D04 Part02.csproj", "{7F22A8DC-D139-4FA8-824A-C8A4956B82FE}"
EndProject
Global
	GlobalSection(SolutionConfigurationPlatforms) = preSolution
		Debug|Any CPU = Debug|Any CPU
		Release|Any CPU = Release|Any CPU
	EndGlobalSection
	GlobalSection(ProjectConfigurationPlatforms) = postSolution
		{5D84AF28-0F4E-4840-871E-F4D7771842DE}.Debug|Any CPU.ActiveCfg = Debug|Any CPU
		{5D84AF28-0F4E-4840-871E-F4D7771842DE}.Debug|Any CPU.Build.0 = Debug|Any CPU
		{5D84AF28-0F4E-4840-871E-F4D7771842DE}.Release|Any CPU.ActiveCfg = Release|Any CPU
		{5D84AF28-0F4E-4840-871E-F4D7771842DE}.Release|Any CPU.Build.0 = Release|Any CPU
		{7F22A8DC-D139-4FA8-824A-C8A4956B82FE}.Debug|Any CPU.ActiveCfg = Debug|Any CPU
		{7F22A8DC-D139-4FA8-824A-C8A4956B82FE}.Debug|Any CPU.Build.0 = Debug|Any CPU
		{7F22A8DC-D139-4FA8-824A-C8A4956B82FE}.Release|Any CPU.ActiveCfg = Release|Any CPU
		{7F22A8DC-D139-4FA8-824A-C8A4956B82FE}.Release|Any CPU.Build.0 = Release|Any CPU
	EndGlobalSection
	GlobalSection(SolutionProperties) = preSolution
		HideSolutionNode = FALSE
	EndGlobalSection
	GlobalSection(ExtensibilityGlobals) = postSolution
		SolutionGuid = {7F432B5E-F441-4EF7-A359-166A7FFA49E8}
	EndGlobalSection
EndGlobal
